// !$*UTF8*$!
{
	archiveVersion = 1;
	classes = {
	};
	objectVersion = 77;
	objects = {

/* Begin PBXBuildFile section */
		51F282852D0E179600A0840C /* HobbyCardsApp.swift in Sources */ = {isa = PBXBuildFile; fileRef = 51F282842D0E179600A0840C /* HobbyCardsApp.swift */; };
		51F282972D0E17F500A0840C /* Preview Assets.xcassets in Resources */ = {isa = PBXBuildFile; fileRef = 51F282922D0E17F500A0840C /* Preview Assets.xcassets */; };
		51F282982D0E17F500A0840C /* Assets.xcassets in Resources */ = {isa = PBXBuildFile; fileRef = 51F282942D0E17F500A0840C /* Assets.xcassets */; };
		51F282992D0E17F500A0840C /* ContentView.swift in Sources */ = {isa = PBXBuildFile; fileRef = 51F282952D0E17F500A0840C /* ContentView.swift */; };
		51F282A62D0E186300A0840C /* Place.swift in Sources */ = {isa = PBXBuildFile; fileRef = 51F282A52D0E186300A0840C /* Place.swift */; };
		51F282AA2D0E18A600A0840C /* Flag.swift in Sources */ = {isa = PBXBuildFile; fileRef = 51F282A82D0E18A600A0840C /* Flag.swift */; };
		51F282B02D0E18FA00A0840C /* PlaceTabView.swift in Sources */ = {isa = PBXBuildFile; fileRef = 51F282AF2D0E18FA00A0840C /* PlaceTabView.swift */; };
		51F282B22D0E197000A0840C /* PlaceCardView.swift in Sources */ = {isa = PBXBuildFile; fileRef = 51F282B12D0E196F00A0840C /* PlaceCardView.swift */; };
		51F282B42D0E1D8700A0840C /* CoverView.swift in Sources */ = {isa = PBXBuildFile; fileRef = 51F282B32D0E1D8700A0840C /* CoverView.swift */; };
/* End PBXBuildFile section */

/* Begin PBXFileReference section */
		51F282812D0E179600A0840C /* HobbyCards.app */ = {isa = PBXFileReference; explicitFileType = wrapper.application; includeInIndex = 0; path = HobbyCards.app; sourceTree = BUILT_PRODUCTS_DIR; };
		51F282842D0E179600A0840C /* HobbyCardsApp.swift */ = {isa = PBXFileReference; lastKnownFileType = sourcecode.swift; path = HobbyCardsApp.swift; sourceTree = "<group>"; };
		51F282922D0E17F500A0840C /* Preview Assets.xcassets */ = {isa = PBXFileReference; lastKnownFileType = folder.assetcatalog; path = "Preview Assets.xcassets"; sourceTree = "<group>"; };
		51F282942D0E17F500A0840C /* Assets.xcassets */ = {isa = PBXFileReference; lastKnownFileType = folder.assetcatalog; path = Assets.xcassets; sourceTree = "<group>"; };
		51F282952D0E17F500A0840C /* ContentView.swift */ = {isa = PBXFileReference; lastKnownFileType = sourcecode.swift; path = ContentView.swift; sourceTree = "<group>"; };
		51F282A52D0E186300A0840C /* Place.swift */ = {isa = PBXFileReference; lastKnownFileType = sourcecode.swift; path = Place.swift; sourceTree = "<group>"; };
		51F282A82D0E18A600A0840C /* Flag.swift */ = {isa = PBXFileReference; lastKnownFileType = sourcecode.swift; path = Flag.swift; sourceTree = "<group>"; };
		51F282AF2D0E18FA00A0840C /* PlaceTabView.swift */ = {isa = PBXFileReference; lastKnownFileType = sourcecode.swift; path = PlaceTabView.swift; sourceTree = "<group>"; };
		51F282B12D0E196F00A0840C /* PlaceCardView.swift */ = {isa = PBXFileReference; lastKnownFileType = sourcecode.swift; path = PlaceCardView.swift; sourceTree = "<group>"; };
		51F282B32D0E1D8700A0840C /* CoverView.swift */ = {isa = PBXFileReference; lastKnownFileType = sourcecode.swift; path = CoverView.swift; sourceTree = "<group>"; };
/* End PBXFileReference section */

/* Begin PBXFrameworksBuildPhase section */
		51F2827E2D0E179600A0840C /* Frameworks */ = {
			isa = PBXFrameworksBuildPhase;
			buildActionMask = 2147483647;
			files = (
			);
			runOnlyForDeploymentPostprocessing = 0;
		};
/* End PBXFrameworksBuildPhase section */

/* Begin PBXGroup section */
		51F282782D0E179600A0840C = {
			isa = PBXGroup;
			children = (
				51F282842D0E179600A0840C /* HobbyCardsApp.swift */,
				51F282962D0E17F500A0840C /* HobbyCards */,
				51F282822D0E179600A0840C /* Products */,
			);
			sourceTree = "<group>";
		};
		51F282822D0E179600A0840C /* Products */ = {
			isa = PBXGroup;
			children = (
				51F282812D0E179600A0840C /* HobbyCards.app */,
			);
			name = Products;
			sourceTree = "<group>";
		};
		51F282932D0E17F500A0840C /* Preview Content */ = {
			isa = PBXGroup;
			children = (
				51F282922D0E17F500A0840C /* Preview Assets.xcassets */,
			);
			path = "Preview Content";
			sourceTree = "<group>";
		};
		51F282962D0E17F500A0840C /* HobbyCards */ = {
			isa = PBXGroup;
			children = (
				51F282A92D0E18A600A0840C /* Shape */,
				51F282AC2D0E18A800A0840C /* Model */,
				51F282A52D0E186300A0840C /* Place.swift */,
				51F282AE2D0E18DF00A0840C /* Views */,
				51F282932D0E17F500A0840C /* Preview Content */,
				51F282942D0E17F500A0840C /* Assets.xcassets */,
				51F282952D0E17F500A0840C /* ContentView.swift */,
			);
			path = HobbyCards;
			sourceTree = "<group>";
		};
		51F282A92D0E18A600A0840C /* Shape */ = {
			isa = PBXGroup;
			children = (
				51F282A82D0E18A600A0840C /* Flag.swift */,
			);
			path = Shape;
			sourceTree = "<group>";
		};
		51F282AC2D0E18A800A0840C /* Model */ = {
			isa = PBXGroup;
			children = (
			);
			path = Model;
			sourceTree = "<group>";
		};
		51F282AE2D0E18DF00A0840C /* Views */ = {
			isa = PBXGroup;
			children = (
				51F282AF2D0E18FA00A0840C /* PlaceTabView.swift */,
				51F282B12D0E196F00A0840C /* PlaceCardView.swift */,
				51F282B32D0E1D8700A0840C /* CoverView.swift */,
			);
			path = Views;
			sourceTree = "<group>";
		};
/* End PBXGroup section */

/* Begin PBXNativeTarget section */
		51F282802D0E179600A0840C /* HobbyCards */ = {
			isa = PBXNativeTarget;
			buildConfigurationList = 51F2828F2D0E179800A0840C /* Build configuration list for PBXNativeTarget "HobbyCards" */;
			buildPhases = (
				51F2827D2D0E179600A0840C /* Sources */,
				51F2827E2D0E179600A0840C /* Frameworks */,
				51F2827F2D0E179600A0840C /* Resources */,
			);
			buildRules = (
			);
			dependencies = (
			);
			name = HobbyCards;
			packageProductDependencies = (
			);
			productName = HobbyCards;
			productReference = 51F282812D0E179600A0840C /* HobbyCards.app */;
			productType = "com.apple.product-type.application";
		};
/* End PBXNativeTarget section */

/* Begin PBXProject section */
		51F282792D0E179600A0840C /* Project object */ = {
			isa = PBXProject;
			attributes = {
				BuildIndependentTargetsInParallel = 1;
				LastSwiftUpdateCheck = 1600;
				LastUpgradeCheck = 1600;
				TargetAttributes = {
					51F282802D0E179600A0840C = {
						CreatedOnToolsVersion = 16.0;
					};
				};
			};
			buildConfigurationList = 51F2827C2D0E179600A0840C /* Build configuration list for PBXProject "HobbyCards" */;
			developmentRegion = en;
			hasScannedForEncodings = 0;
			knownRegions = (
				en,
				Base,
			);
			mainGroup = 51F282782D0E179600A0840C;
			minimizedProjectReferenceProxies = 1;
			preferredProjectObjectVersion = 77;
			productRefGroup = 51F282822D0E179600A0840C /* Products */;
			projectDirPath = "";
			projectRoot = "";
			targets = (
				51F282802D0E179600A0840C /* HobbyCards */,
			);
		};
/* End PBXProject section */

/* Begin PBXResourcesBuildPhase section */
		51F2827F2D0E179600A0840C /* Resources */ = {
			isa = PBXResourcesBuildPhase;
			buildActionMask = 2147483647;
			files = (
				51F282972D0E17F500A0840C /* Preview Assets.xcassets in Resources */,
				51F282982D0E17F500A0840C /* Assets.xcassets in Resources */,
			);
			runOnlyForDeploymentPostprocessing = 0;
		};
/* End PBXResourcesBuildPhase section */

/* Begin PBXSourcesBuildPhase section */
		51F2827D2D0E179600A0840C /* Sources */ = {
			isa = PBXSourcesBuildPhase;
			buildActionMask = 2147483647;
			files = (
				51F282992D0E17F500A0840C /* ContentView.swift in Sources */,
				51F282A62D0E186300A0840C /* Place.swift in Sources */,
				51F282B22D0E197000A0840C /* PlaceCardView.swift in Sources */,
				51F282AA2D0E18A600A0840C /* Flag.swift in Sources */,
				51F282B42D0E1D8700A0840C /* CoverView.swift in Sources */,
				51F282852D0E179600A0840C /* HobbyCardsApp.swift in Sources */,
				51F282B02D0E18FA00A0840C /* PlaceTabView.swift in Sources */,
			);
			runOnlyForDeploymentPostprocessing = 0;
		};
/* End PBXSourcesBuildPhase section */

/* Begin XCBuildConfiguration section */
		51F2828D2D0E179800A0840C /* Debug */ = {
			isa = XCBuildConfiguration;
			buildSettings = {
				ALWAYS_SEARCH_USER_PATHS = NO;
				ASSETCATALOG_COMPILER_GENERATE_SWIFT_ASSET_SYMBOL_EXTENSIONS = YES;
				CLANG_ANALYZER_NONNULL = YES;
				CLANG_ANALYZER_NUMBER_OBJECT_CONVERSION = YES_AGGRESSIVE;
				CLANG_CXX_LANGUAGE_STANDARD = "gnu++20";
				CLANG_ENABLE_MODULES = YES;
				CLANG_ENABLE_OBJC_ARC = YES;
				CLANG_ENABLE_OBJC_WEAK = YES;
				CLANG_WARN_BLOCK_CAPTURE_AUTORELEASING = YES;
				CLANG_WARN_BOOL_CONVERSION = YES;
				CLANG_WARN_COMMA = YES;
				CLANG_WARN_CONSTANT_CONVERSION = YES;
				CLANG_WARN_DEPRECATED_OBJC_IMPLEMENTATIONS = YES;
				CLANG_WARN_DIRECT_OBJC_ISA_USAGE = YES_ERROR;
				CLANG_WARN_DOCUMENTATION_COMMENTS = YES;
				CLANG_WARN_EMPTY_BODY = YES;
				CLANG_WARN_ENUM_CONVERSION = YES;
				CLANG_WARN_INFINITE_RECURSION = YES;
				CLANG_WARN_INT_CONVERSION = YES;
				CLANG_WARN_NON_LITERAL_NULL_CONVERSION = YES;
				CLANG_WARN_OBJC_IMPLICIT_RETAIN_SELF = YES;
				CLANG_WARN_OBJC_LITERAL_CONVERSION = YES;
				CLANG_WARN_OBJC_ROOT_CLASS = YES_ERROR;
				CLANG_WARN_QUOTED_INCLUDE_IN_FRAMEWORK_HEADER = YES;
				CLANG_WARN_RANGE_LOOP_ANALYSIS = YES;
				CLANG_WARN_STRICT_PROTOTYPES = YES;
				CLANG_WARN_SUSPICIOUS_MOVE = YES;
				CLANG_WARN_UNGUARDED_AVAILABILITY = YES_AGGRESSIVE;
				CLANG_WARN_UNREACHABLE_CODE = YES;
				CLANG_WARN__DUPLICATE_METHOD_MATCH = YES;
				COPY_PHASE_STRIP = NO;
				DEBUG_INFORMATION_FORMAT = dwarf;
				ENABLE_STRICT_OBJC_MSGSEND = YES;
				ENABLE_TESTABILITY = YES;
				ENABLE_USER_SCRIPT_SANDBOXING = YES;
				GCC_C_LANGUAGE_STANDARD = gnu17;
				GCC_DYNAMIC_NO_PIC = NO;
				GCC_NO_COMMON_BLOCKS = YES;
				GCC_OPTIMIZATION_LEVEL = 0;
				GCC_PREPROCESSOR_DEFINITIONS = (
					"DEBUG=1",
					"$(inherited)",
				);
				GCC_WARN_64_TO_32_BIT_CONVERSION = YES;
				GCC_WARN_ABOUT_RETURN_TYPE = YES_ERROR;
				GCC_WARN_UNDECLARED_SELECTOR = YES;
				GCC_WARN_UNINITIALIZED_AUTOS = YES_AGGRESSIVE;
				GCC_WARN_UNUSED_FUNCTION = YES;
				GCC_WARN_UNUSED_VARIABLE = YES;
				IPHONEOS_DEPLOYMENT_TARGET = 18.0;
				LOCALIZATION_PREFERS_STRING_CATALOGS = YES;
				MTL_ENABLE_DEBUG_INFO = INCLUDE_SOURCE;
				MTL_FAST_MATH = YES;
				ONLY_ACTIVE_ARCH = YES;
				SDKROOT = iphoneos;
				SWIFT_ACTIVE_COMPILATION_CONDITIONS = "DEBUG $(inherited)";
				SWIFT_OPTIMIZATION_LEVEL = "-Onone";
			};
			name = Debug;
		};
		51F2828E2D0E179800A0840C /* Release */ = {
			isa = XCBuildConfiguration;
			buildSettings = {
				ALWAYS_SEARCH_USER_PATHS = NO;
				ASSETCATALOG_COMPILER_GENERATE_SWIFT_ASSET_SYMBOL_EXTENSIONS = YES;
				CLANG_ANALYZER_NONNULL = YES;
				CLANG_ANALYZER_NUMBER_OBJECT_CONVERSION = YES_AGGRESSIVE;
				CLANG_CXX_LANGUAGE_STANDARD = "gnu++20";
				CLANG_ENABLE_MODULES = YES;
				CLANG_ENABLE_OBJC_ARC = YES;
				CLANG_ENABLE_OBJC_WEAK = YES;
				CLANG_WARN_BLOCK_CAPTURE_AUTORELEASING = YES;
				CLANG_WARN_BOOL_CONVERSION = YES;
				CLANG_WARN_COMMA = YES;
				CLANG_WARN_CONSTANT_CONVERSION = YES;
				CLANG_WARN_DEPRECATED_OBJC_IMPLEMENTATIONS = YES;
				CLANG_WARN_DIRECT_OBJC_ISA_USAGE = YES_ERROR;
				CLANG_WARN_DOCUMENTATION_COMMENTS = YES;
				CLANG_WARN_EMPTY_BODY = YES;
				CLANG_WARN_ENUM_CONVERSION = YES;
				CLANG_WARN_INFINITE_RECURSION = YES;
				CLANG_WARN_INT_CONVERSION = YES;
				CLANG_WARN_NON_LITERAL_NULL_CONVERSION = YES;
				CLANG_WARN_OBJC_IMPLICIT_RETAIN_SELF = YES;
				CLANG_WARN_OBJC_LITERAL_CONVERSION = YES;
				CLANG_WARN_OBJC_ROOT_CLASS = YES_ERROR;
				CLANG_WARN_QUOTED_INCLUDE_IN_FRAMEWORK_HEADER = YES;
				CLANG_WARN_RANGE_LOOP_ANALYSIS = YES;
				CLANG_WARN_STRICT_PROTOTYPES = YES;
				CLANG_WARN_SUSPICIOUS_MOVE = YES;
				CLANG_WARN_UNGUARDED_AVAILABILITY = YES_AGGRESSIVE;
				CLANG_WARN_UNREACHABLE_CODE = YES;
				CLANG_WARN__DUPLICATE_METHOD_MATCH = YES;
				COPY_PHASE_STRIP = NO;
				DEBUG_INFORMATION_FORMAT = "dwarf-with-dsym";
				ENABLE_NS_ASSERTIONS = NO;
				ENABLE_STRICT_OBJC_MSGSEND = YES;
				ENABLE_USER_SCRIPT_SANDBOXING = YES;
				GCC_C_LANGUAGE_STANDARD = gnu17;
				GCC_NO_COMMON_BLOCKS = YES;
				GCC_WARN_64_TO_32_BIT_CONVERSION = YES;
				GCC_WARN_ABOUT_RETURN_TYPE = YES_ERROR;
				GCC_WARN_UNDECLARED_SELECTOR = YES;
				GCC_WARN_UNINITIALIZED_AUTOS = YES_AGGRESSIVE;
				GCC_WARN_UNUSED_FUNCTION = YES;
				GCC_WARN_UNUSED_VARIABLE = YES;
				IPHONEOS_DEPLOYMENT_TARGET = 18.0;
				LOCALIZATION_PREFERS_STRING_CATALOGS = YES;
				MTL_ENABLE_DEBUG_INFO = NO;
				MTL_FAST_MATH = YES;
				SDKROOT = iphoneos;
				SWIFT_COMPILATION_MODE = wholemodule;
				VALIDATE_PRODUCT = YES;
			};
			name = Release;
		};
		51F282902D0E179800A0840C /* Debug */ = {
			isa = XCBuildConfiguration;
			buildSettings = {
				ASSETCATALOG_COMPILER_APPICON_NAME = AppIcon;
				ASSETCATALOG_COMPILER_GLOBAL_ACCENT_COLOR_NAME = AccentColor;
				CODE_SIGN_STYLE = Automatic;
				CURRENT_PROJECT_VERSION = 1;
				DEVELOPMENT_ASSET_PATHS = "\"HobbyCards/Preview Content\"";
				DEVELOPMENT_TEAM = 4UG443984D;
				ENABLE_PREVIEWS = YES;
				GENERATE_INFOPLIST_FILE = YES;
				INFOPLIST_KEY_UIApplicationSceneManifest_Generation = YES;
				INFOPLIST_KEY_UIApplicationSupportsIndirectInputEvents = YES;
				INFOPLIST_KEY_UILaunchScreen_Generation = YES;
				INFOPLIST_KEY_UISupportedInterfaceOrientations_iPad = "UIInterfaceOrientationPortrait UIInterfaceOrientationPortraitUpsideDown UIInterfaceOrientationLandscapeLeft UIInterfaceOrientationLandscapeRight";
				INFOPLIST_KEY_UISupportedInterfaceOrientations_iPhone = "UIInterfaceOrientationPortrait UIInterfaceOrientationLandscapeLeft UIInterfaceOrientationLandscapeRight";
				LD_RUNPATH_SEARCH_PATHS = (
					"$(inherited)",
					"@executable_path/Frameworks",
				);
				MARKETING_VERSION = 1.0;
				PRODUCT_BUNDLE_IDENTIFIER = ca.tiffanyzhang.HobbyCards;
				PRODUCT_NAME = "$(TARGET_NAME)";
				SWIFT_EMIT_LOC_STRINGS = YES;
				SWIFT_VERSION = 5.0;
				TARGETED_DEVICE_FAMILY = "1,2";
			};
			name = Debug;
		};
		51F282912D0E179800A0840C /* Release */ = {
			isa = XCBuildConfiguration;
			buildSettings = {
				ASSETCATALOG_COMPILER_APPICON_NAME = AppIcon;
				ASSETCATALOG_COMPILER_GLOBAL_ACCENT_COLOR_NAME = AccentColor;
				CODE_SIGN_STYLE = Automatic;
				CURRENT_PROJECT_VERSION = 1;
				DEVELOPMENT_ASSET_PATHS = "\"HobbyCards/Preview Content\"";
				DEVELOPMENT_TEAM = 4UG443984D;
				ENABLE_PREVIEWS = YES;
				GENERATE_INFOPLIST_FILE = YES;
				INFOPLIST_KEY_UIApplicationSceneManifest_Generation = YES;
				INFOPLIST_KEY_UIApplicationSupportsIndirectInputEvents = YES;
				INFOPLIST_KEY_UILaunchScreen_Generation = YES;
				INFOPLIST_KEY_UISupportedInterfaceOrientations_iPad = "UIInterfaceOrientationPortrait UIInterfaceOrientationPortraitUpsideDown UIInterfaceOrientationLandscapeLeft UIInterfaceOrientationLandscapeRight";
				INFOPLIST_KEY_UISupportedInterfaceOrientations_iPhone = "UIInterfaceOrientationPortrait UIInterfaceOrientationLandscapeLeft UIInterfaceOrientationLandscapeRight";
				LD_RUNPATH_SEARCH_PATHS = (
					"$(inherited)",
					"@executable_path/Frameworks",
				);
				MARKETING_VERSION = 1.0;
				PRODUCT_BUNDLE_IDENTIFIER = ca.tiffanyzhang.HobbyCards;
				PRODUCT_NAME = "$(TARGET_NAME)";
				SWIFT_EMIT_LOC_STRINGS = YES;
				SWIFT_VERSION = 5.0;
				TARGETED_DEVICE_FAMILY = "1,2";
			};
			name = Release;
		};
/* End XCBuildConfiguration section */

/* Begin XCConfigurationList section */
		51F2827C2D0E179600A0840C /* Build configuration list for PBXProject "HobbyCards" */ = {
			isa = XCConfigurationList;
			buildConfigurations = (
				51F2828D2D0E179800A0840C /* Debug */,
				51F2828E2D0E179800A0840C /* Release */,
			);
			defaultConfigurationIsVisible = 0;
			defaultConfigurationName = Release;
		};
		51F2828F2D0E179800A0840C /* Build configuration list for PBXNativeTarget "HobbyCards" */ = {
			isa = XCConfigurationList;
			buildConfigurations = (
				51F282902D0E179800A0840C /* Debug */,
				51F282912D0E179800A0840C /* Release */,
			);
			defaultConfigurationIsVisible = 0;
			defaultConfigurationName = Release;
		};
/* End XCConfigurationList section */
	};
	rootObject = 51F282792D0E179600A0840C /* Project object */;
}
